
Microsoft Visual Studio Solution File, Format Version 12.00
# Visual Studio Version 17
VisualStudioVersion = 17.5.002.0
MinimumVisualStudioVersion = 10.0.40219.1
Project("{9A19103F-16F7-4668-BE54-9A1E7A4F7556}") = "grpcClient", "grpcClient\grpcClient.csproj", "{A10654F5-1C39-416D-BA76-863137991FCD}"
EndProject
Project("{9A19103F-16F7-4668-BE54-9A1E7A4F7556}") = "grpcServer", "grpcServer\grpcServer.csproj", "{EF0188B3-63F2-4FBF-A083-30D4BCBE8D59}"
EndProject
Global
	GlobalSection(SolutionConfigurationPlatforms) = preSolution
		Debug|Any CPU = Debug|Any CPU
		Release|Any CPU = Release|Any CPU
	EndGlobalSection
	GlobalSection(ProjectConfigurationPlatforms) = postSolution
		{A10654F5-1C39-416D-BA76-863137991FCD}.Debug|Any CPU.ActiveCfg = Debug|Any CPU
		{A10654F5-1C39-416D-BA76-863137991FCD}.Debug|Any CPU.Build.0 = Debug|Any CPU
		{A10654F5-1C39-416D-BA76-863137991FCD}.Release|Any CPU.ActiveCfg = Release|Any CPU
		{A10654F5-1C39-416D-BA76-863137991FCD}.Release|Any CPU.Build.0 = Release|Any CPU
		{EF0188B3-63F2-4FBF-A083-30D4BCBE8D59}.Debug|Any CPU.ActiveCfg = Debug|Any CPU
		{EF0188B3-63F2-4FBF-A083-30D4BCBE8D59}.Debug|Any CPU.Build.0 = Debug|Any CPU
		{EF0188B3-63F2-4FBF-A083-30D4BCBE8D59}.Release|Any CPU.ActiveCfg = Release|Any CPU
		{EF0188B3-63F2-4FBF-A083-30D4BCBE8D59}.Release|Any CPU.Build.0 = Release|Any CPU
	EndGlobalSection
	GlobalSection(SolutionProperties) = preSolution
		HideSolutionNode = FALSE
	EndGlobalSection
	GlobalSection(ExtensibilityGlobals) = postSolution
		SolutionGuid = {EA0A66B8-29B0-4B90-B142-8816384150DA}
	EndGlobalSection
EndGlobal
